Microsoft Visual Studio Solution File, Format Version 12.00
# Visual Studio Version 17
VisualStudioVersion = 17.10.35122.118
MinimumVisualStudioVersion = 16.0.0.0
Project("{9A19103F-16F7-4668-BE54-9A1E7A4F7556}") = "MyBlazorApp2.Server", "Server\MyBlazorApp2.Server.csproj", "{31C50117-84D7-4AF2-AF4F-6871C930BBAB}"
EndProject
Project("{9A19103F-16F7-4668-BE54-9A1E7A4F7556}") = "MyBlazorApp2.Client", "Client\MyBlazorApp2.Client.csproj", "{A08AC012-FD3A-470C-AF03-02AC87ED3A5A}"
EndProject
Project("{9A19103F-16F7-4668-BE54-9A1E7A4F7556}") = "MyBlazorApp2.Shared", "Shared\MyBlazorApp2.Shared.csproj", "{8259586C-B4B3-493F-AA0B-9C31C136607C}"
EndProject
Global
	GlobalSection(SolutionConfigurationPlatforms) = preSolution
		Debug|Any CPU = Debug|Any CPU
		Debug|x64 = Debug|x64
		Debug|x86 = Debug|x86
		Release|Any CPU = Release|Any CPU
		Release|x64 = Release|x64
		Release|x86 = Release|x86
	EndGlobalSection
	GlobalSection(ProjectConfigurationPlatforms) = postSolution
		{31C50117-84D7-4AF2-AF4F-6871C930BBAB}.Debug|Any CPU.ActiveCfg = Debug|Any CPU
		{31C50117-84D7-4AF2-AF4F-6871C930BBAB}.Debug|Any CPU.Build.0 = Debug|Any CPU
		{31C50117-84D7-4AF2-AF4F-6871C930BBAB}.Debug|x64.ActiveCfg = Debug|Any CPU
		{31C50117-84D7-4AF2-AF4F-6871C930BBAB}.Debug|x64.Build.0 = Debug|Any CPU
		{31C50117-84D7-4AF2-AF4F-6871C930BBAB}.Debug|x86.ActiveCfg = Debug|Any CPU
		{31C50117-84D7-4AF2-AF4F-6871C930BBAB}.Debug|x86.Build.0 = Debug|Any CPU
		{31C50117-84D7-4AF2-AF4F-6871C930BBAB}.Release|Any CPU.ActiveCfg = Release|Any CPU
		{31C50117-84D7-4AF2-AF4F-6871C930BBAB}.Release|Any CPU.Build.0 = Release|Any CPU
		{31C50117-84D7-4AF2-AF4F-6871C930BBAB}.Release|x64.ActiveCfg = Release|Any CPU
		{31C50117-84D7-4AF2-AF4F-6871C930BBAB}.Release|x64.Build.0 = Release|Any CPU
		{31C50117-84D7-4AF2-AF4F-6871C930BBAB}.Release|x86.ActiveCfg = Release|Any CPU
		{31C50117-84D7-4AF2-AF4F-6871C930BBAB}.Release|x86.Build.0 = Release|Any CPU
		{A08AC012-FD3A-470C-AF03-02AC87ED3A5A}.Debug|Any CPU.ActiveCfg = Debug|Any CPU
		{A08AC012-FD3A-470C-AF03-02AC87ED3A5A}.Debug|Any CPU.Build.0 = Debug|Any CPU
		{A08AC012-FD3A-470C-AF03-02AC87ED3A5A}.Debug|x64.ActiveCfg = Debug|Any CPU
		{A08AC012-FD3A-470C-AF03-02AC87ED3A5A}.Debug|x64.Build.0 = Debug|Any CPU
		{A08AC012-FD3A-470C-AF03-02AC87ED3A5A}.Debug|x86.ActiveCfg = Debug|Any CPU
		{A08AC012-FD3A-470C-AF03-02AC87ED3A5A}.Debug|x86.Build.0 = Debug|Any CPU
		{A08AC012-FD3A-470C-AF03-02AC87ED3A5A}.Release|Any CPU.ActiveCfg = Release|Any CPU
		{A08AC012-FD3A-470C-AF03-02AC87ED3A5A}.Release|Any CPU.Build.0 = Release|Any CPU
		{A08AC012-FD3A-470C-AF03-02AC87ED3A5A}.Release|x64.ActiveCfg = Release|Any CPU
		{A08AC012-FD3A-470C-AF03-02AC87ED3A5A}.Release|x64.Build.0 = Release|Any CPU
		{A08AC012-FD3A-470C-AF03-02AC87ED3A5A}.Release|x86.ActiveCfg = Release|Any CPU
		{A08AC012-FD3A-470C-AF03-02AC87ED3A5A}.Release|x86.Build.0 = Release|Any CPU
		{8259586C-B4B3-493F-AA0B-9C31C136607C}.Debug|Any CPU.ActiveCfg = Debug|Any CPU
		{8259586C-B4B3-493F-AA0B-9C31C136607C}.Debug|Any CPU.Build.0 = Debug|Any CPU
		{8259586C-B4B3-493F-AA0B-9C31C136607C}.Debug|x64.ActiveCfg = Debug|Any CPU
		{8259586C-B4B3-493F-AA0B-9C31C136607C}.Debug|x64.Build.0 = Debug|Any CPU
		{8259586C-B4B3-493F-AA0B-9C31C136607C}.Debug|x86.ActiveCfg = Debug|Any CPU
		{8259586C-B4B3-493F-AA0B-9C31C136607C}.Debug|x86.Build.0 = Debug|Any CPU
		{8259586C-B4B3-493F-AA0B-9C31C136607C}.Release|Any CPU.ActiveCfg = Release|Any CPU
		{8259586C-B4B3-493F-AA0B-9C31C136607C}.Release|Any CPU.Build.0 = Release|Any CPU
		{8259586C-B4B3-493F-AA0B-9C31C136607C}.Release|x64.ActiveCfg = Release|Any CPU
		{8259586C-B4B3-493F-AA0B-9C31C136607C}.Release|x64.Build.0 = Release|Any CPU
		{8259586C-B4B3-493F-AA0B-9C31C136607C}.Release|x86.ActiveCfg = Release|Any CPU
		{8259586C-B4B3-493F-AA0B-9C31C136607C}.Release|x86.Build.0 = Release|Any CPU
	EndGlobalSection
	GlobalSection(SolutionProperties) = preSolution
		HideSolutionNode = FALSE
	EndGlobalSection
	GlobalSection(ExtensibilityGlobals) = postSolution
		SolutionGuid = {E75AB429-C39F-4ABF-A3FC-875E75C6E16F}
	EndGlobalSection
EndGlobal
